
Microsoft Visual Studio Solution File, Format Version 12.00
# Visual Studio 14
VisualStudioVersion = 14.0.22310.1
MinimumVisualStudioVersion = 10.0.40219.1
Project("{2150E333-8FDC-42A3-9474-1A3956D46DE8}") = "Engine", "Engine", "{617FF3EA-6076-4051-B95D-05447641BB20}"
EndProject
Project("{2150E333-8FDC-42A3-9474-1A3956D46DE8}") = "Games", "Games", "{973C420F-342F-423F-AC86-41CC459A3CE4}"
EndProject
Project("{8BC9CEB8-8B4A-11D0-8D11-00A0C91BC942}") = "ShootEmUpArcade", "Intermediate\ProjectFiles\ShootEmUpArcade.vcxproj", "{129E4E8C-3143-4828-9C4A-72BCAC8C6875}"
EndProject
Project("{8BC9CEB8-8B4A-11D0-8D11-00A0C91BC942}") = "UE4", "Intermediate\ProjectFiles\UE4.vcxproj", "{024FE491-A4C2-4340-8020-D01CF0E92D92}"
EndProject
Project("{2150E333-8FDC-42A3-9474-1A3956D46DE8}") = "Visualizers", "Visualizers", "{2468F29A-3C0A-4129-BDB7-0C185238616D}"
	ProjectSection(SolutionItems) = preProject
		..\UnrealEngineVersions\UE_4.23\Engine\Extras\VisualStudioDebugging\UE4.natvis = ..\UnrealEngineVersions\UE_4.23\Engine\Extras\VisualStudioDebugging\UE4.natvis
	EndProjectSection
EndProject
Global
	GlobalSection(SolutionConfigurationPlatforms) = preSolution
		DebugGame Editor|Android = DebugGame Editor|Android
		DebugGame Editor|HTML5 = DebugGame Editor|HTML5
		DebugGame Editor|Win32 = DebugGame Editor|Win32
		DebugGame Editor|Win64 = DebugGame Editor|Win64
		DebugGame|Android = DebugGame|Android
		DebugGame|HTML5 = DebugGame|HTML5
		DebugGame|Win32 = DebugGame|Win32
		DebugGame|Win64 = DebugGame|Win64
		Development Editor|Android = Development Editor|Android
		Development Editor|HTML5 = Development Editor|HTML5
		Development Editor|Win32 = Development Editor|Win32
		Development Editor|Win64 = Development Editor|Win64
		Development|Android = Development|Android
		Development|HTML5 = Development|HTML5
		Development|Win32 = Development|Win32
		Development|Win64 = Development|Win64
		Shipping|Android = Shipping|Android
		Shipping|HTML5 = Shipping|HTML5
		Shipping|Win32 = Shipping|Win32
		Shipping|Win64 = Shipping|Win64
	EndGlobalSection
	GlobalSection(ProjectConfigurationPlatforms) = postSolution
		{129E4E8C-3143-4828-9C4A-72BCAC8C6875}.DebugGame Editor|Android.ActiveCfg = Invalid|Win32
		{129E4E8C-3143-4828-9C4A-72BCAC8C6875}.DebugGame Editor|HTML5.ActiveCfg = Invalid|Win32
		{129E4E8C-3143-4828-9C4A-72BCAC8C6875}.DebugGame Editor|Win32.ActiveCfg = Invalid|Win32
		{129E4E8C-3143-4828-9C4A-72BCAC8C6875}.DebugGame Editor|Win64.ActiveCfg = DebugGame_Editor|x64
		{129E4E8C-3143-4828-9C4A-72BCAC8C6875}.DebugGame Editor|Win64.Build.0 = DebugGame_Editor|x64
		{129E4E8C-3143-4828-9C4A-72BCAC8C6875}.DebugGame|Android.ActiveCfg = Android_DebugGame|Win32
		{129E4E8C-3143-4828-9C4A-72BCAC8C6875}.DebugGame|Android.Build.0 = Android_DebugGame|Win32
		{129E4E8C-3143-4828-9C4A-72BCAC8C6875}.DebugGame|HTML5.ActiveCfg = HTML5_DebugGame|Win32
		{129E4E8C-3143-4828-9C4A-72BCAC8C6875}.DebugGame|HTML5.Build.0 = HTML5_DebugGame|Win32
		{129E4E8C-3143-4828-9C4A-72BCAC8C6875}.DebugGame|Win32.ActiveCfg = DebugGame|Win32
		{129E4E8C-3143-4828-9C4A-72BCAC8C6875}.DebugGame|Win32.Build.0 = DebugGame|Win32
		{129E4E8C-3143-4828-9C4A-72BCAC8C6875}.DebugGame|Win64.ActiveCfg = DebugGame|x64
		{129E4E8C-3143-4828-9C4A-72BCAC8C6875}.DebugGame|Win64.Build.0 = DebugGame|x64
		{129E4E8C-3143-4828-9C4A-72BCAC8C6875}.Development Editor|Android.ActiveCfg = Invalid|Win32
		{129E4E8C-3143-4828-9C4A-72BCAC8C6875}.Development Editor|HTML5.ActiveCfg = Invalid|Win32
		{129E4E8C-3143-4828-9C4A-72BCAC8C6875}.Development Editor|Win32.ActiveCfg = Invalid|Win32
		{129E4E8C-3143-4828-9C4A-72BCAC8C6875}.Development Editor|Win64.ActiveCfg = Development_Editor|x64
		{129E4E8C-3143-4828-9C4A-72BCAC8C6875}.Development Editor|Win64.Build.0 = Development_Editor|x64
		{129E4E8C-3143-4828-9C4A-72BCAC8C6875}.Development|Android.ActiveCfg = Android_Development|Win32
		{129E4E8C-3143-4828-9C4A-72BCAC8C6875}.Development|Android.Build.0 = Android_Development|Win32
		{129E4E8C-3143-4828-9C4A-72BCAC8C6875}.Development|HTML5.ActiveCfg = HTML5_Development|Win32
		{129E4E8C-3143-4828-9C4A-72BCAC8C6875}.Development|HTML5.Build.0 = HTML5_Development|Win32
		{129E4E8C-3143-4828-9C4A-72BCAC8C6875}.Development|Win32.ActiveCfg = Development|Win32
		{129E4E8C-3143-4828-9C4A-72BCAC8C6875}.Development|Win32.Build.0 = Development|Win32
		{129E4E8C-3143-4828-9C4A-72BCAC8C6875}.Development|Win64.ActiveCfg = Development|x64
		{129E4E8C-3143-4828-9C4A-72BCAC8C6875}.Development|Win64.Build.0 = Development|x64
		{129E4E8C-3143-4828-9C4A-72BCAC8C6875}.Shipping|Android.ActiveCfg = Android_Shipping|Win32
		{129E4E8C-3143-4828-9C4A-72BCAC8C6875}.Shipping|Android.Build.0 = Android_Shipping|Win32
		{129E4E8C-3143-4828-9C4A-72BCAC8C6875}.Shipping|HTML5.ActiveCfg = HTML5_Shipping|Win32
		{129E4E8C-3143-4828-9C4A-72BCAC8C6875}.Shipping|HTML5.Build.0 = HTML5_Shipping|Win32
		{129E4E8C-3143-4828-9C4A-72BCAC8C6875}.Shipping|Win32.ActiveCfg = Shipping|Win32
		{129E4E8C-3143-4828-9C4A-72BCAC8C6875}.Shipping|Win32.Build.0 = Shipping|Win32
		{129E4E8C-3143-4828-9C4A-72BCAC8C6875}.Shipping|Win64.ActiveCfg = Shipping|x64
		{129E4E8C-3143-4828-9C4A-72BCAC8C6875}.Shipping|Win64.Build.0 = Shipping|x64
		{024FE491-A4C2-4340-8020-D01CF0E92D92}.DebugGame Editor|Android.ActiveCfg = BuiltWithUnrealBuildTool|Win32
		{024FE491-A4C2-4340-8020-D01CF0E92D92}.DebugGame Editor|HTML5.ActiveCfg = BuiltWithUnrealBuildTool|Win32
		{024FE491-A4C2-4340-8020-D01CF0E92D92}.DebugGame Editor|Win32.ActiveCfg = BuiltWithUnrealBuildTool|Win32
		{024FE491-A4C2-4340-8020-D01CF0E92D92}.DebugGame Editor|Win64.ActiveCfg = BuiltWithUnrealBuildTool|Win32
		{024FE491-A4C2-4340-8020-D01CF0E92D92}.DebugGame|Android.ActiveCfg = BuiltWithUnrealBuildTool|Win32
		{024FE491-A4C2-4340-8020-D01CF0E92D92}.DebugGame|HTML5.ActiveCfg = BuiltWithUnrealBuildTool|Win32
		{024FE491-A4C2-4340-8020-D01CF0E92D92}.DebugGame|Win32.ActiveCfg = BuiltWithUnrealBuildTool|Win32
		{024FE491-A4C2-4340-8020-D01CF0E92D92}.DebugGame|Win64.ActiveCfg = BuiltWithUnrealBuildTool|Win32
		{024FE491-A4C2-4340-8020-D01CF0E92D92}.Development Editor|Android.ActiveCfg = BuiltWithUnrealBuildTool|Win32
		{024FE491-A4C2-4340-8020-D01CF0E92D92}.Development Editor|HTML5.ActiveCfg = BuiltWithUnrealBuildTool|Win32
		{024FE491-A4C2-4340-8020-D01CF0E92D92}.Development Editor|Win32.ActiveCfg = BuiltWithUnrealBuildTool|Win32
		{024FE491-A4C2-4340-8020-D01CF0E92D92}.Development Editor|Win64.ActiveCfg = BuiltWithUnrealBuildTool|Win32
		{024FE491-A4C2-4340-8020-D01CF0E92D92}.Development|Android.ActiveCfg = BuiltWithUnrealBuildTool|Win32
		{024FE491-A4C2-4340-8020-D01CF0E92D92}.Development|HTML5.ActiveCfg = BuiltWithUnrealBuildTool|Win32
		{024FE491-A4C2-4340-8020-D01CF0E92D92}.Development|Win32.ActiveCfg = BuiltWithUnrealBuildTool|Win32
		{024FE491-A4C2-4340-8020-D01CF0E92D92}.Development|Win64.ActiveCfg = BuiltWithUnrealBuildTool|Win32
		{024FE491-A4C2-4340-8020-D01CF0E92D92}.Shipping|Android.ActiveCfg = BuiltWithUnrealBuildTool|Win32
		{024FE491-A4C2-4340-8020-D01CF0E92D92}.Shipping|HTML5.ActiveCfg = BuiltWithUnrealBuildTool|Win32
		{024FE491-A4C2-4340-8020-D01CF0E92D92}.Shipping|Win32.ActiveCfg = BuiltWithUnrealBuildTool|Win32
		{024FE491-A4C2-4340-8020-D01CF0E92D92}.Shipping|Win64.ActiveCfg = BuiltWithUnrealBuildTool|Win32
	EndGlobalSection
	GlobalSection(SolutionProperties) = preSolution
		HideSolutionNode = FALSE
	EndGlobalSection
	GlobalSection(NestedProjects) = preSolution
		{024FE491-A4C2-4340-8020-D01CF0E92D92} = {617FF3EA-6076-4051-B95D-05447641BB20}
		{129E4E8C-3143-4828-9C4A-72BCAC8C6875} = {973C420F-342F-423F-AC86-41CC459A3CE4}
	EndGlobalSection
EndGlobal
